// !$*UTF8*$!
{
	archiveVersion = 1;
	classes = {
	};
	objectVersion = 46;
	objects = {

/* Begin PBXBuildFile section */
		F810E4111668E2CC00089EB2 /* SYAppearance.m in Sources */ = {isa = PBXBuildFile; fileRef = F810E4101668E2CC00089EB2 /* SYAppearance.m */; };
		F81891CF163AD28E00C8E806 /* 1.jpg in Resources */ = {isa = PBXBuildFile; fileRef = F81891C3163AD28E00C8E806 /* 1.jpg */; };
		F81891D0163AD28E00C8E806 /* 1_s.jpg in Resources */ = {isa = PBXBuildFile; fileRef = F81891C4163AD28E00C8E806 /* 1_s.jpg */; };
		F81891D1163AD28E00C8E806 /* 2.jpg in Resources */ = {isa = PBXBuildFile; fileRef = F81891C5163AD28E00C8E806 /* 2.jpg */; };
		F81891D2163AD28E00C8E806 /* 2_s.jpg in Resources */ = {isa = PBXBuildFile; fileRef = F81891C6163AD28E00C8E806 /* 2_s.jpg */; };
		F81891D3163AD28E00C8E806 /* 3.jpg in Resources */ = {isa = PBXBuildFile; fileRef = F81891C7163AD28E00C8E806 /* 3.jpg */; };
		F81891D4163AD28E00C8E806 /* 3_s.jpg in Resources */ = {isa = PBXBuildFile; fileRef = F81891C8163AD28E00C8E806 /* 3_s.jpg */; };
		F81891D5163AD28E00C8E806 /* 4.jpg in Resources */ = {isa = PBXBuildFile; fileRef = F81891C9163AD28E00C8E806 /* 4.jpg */; };
		F81891D6163AD28E00C8E806 /* 4_s.jpg in Resources */ = {isa = PBXBuildFile; fileRef = F81891CA163AD28E00C8E806 /* 4_s.jpg */; };
		F81891D7163AD28E00C8E806 /* 5.jpg in Resources */ = {isa = PBXBuildFile; fileRef = F81891CB163AD28E00C8E806 /* 5.jpg */; };
		F81891D8163AD28E00C8E806 /* 5_s.jpg in Resources */ = {isa = PBXBuildFile; fileRef = F81891CC163AD28E00C8E806 /* 5_s.jpg */; };
		F81891D9163AD28E00C8E806 /* 6.jpg in Resources */ = {isa = PBXBuildFile; fileRef = F81891CD163AD28E00C8E806 /* 6.jpg */; };
		F81891DA163AD28E00C8E806 /* 6_s.jpg in Resources */ = {isa = PBXBuildFile; fileRef = F81891CE163AD28E00C8E806 /* 6_s.jpg */; };
		F81891E6163ADA8000C8E806 /* SYGalleryFullPage.m in Sources */ = {isa = PBXBuildFile; fileRef = F81891E5163ADA8000C8E806 /* SYGalleryFullPage.m */; };
		F81891E9163AF23700C8E806 /* SYViewControllerFull.m in Sources */ = {isa = PBXBuildFile; fileRef = F81891E8163AF23700C8E806 /* SYViewControllerFull.m */; };
		F81891EC163AF33E00C8E806 /* SYDataSource.m in Sources */ = {isa = PBXBuildFile; fileRef = F81891EB163AF33E00C8E806 /* SYDataSource.m */; };
		F847C53016387AC300245B53 /* no_picture.png in Resources */ = {isa = PBXBuildFile; fileRef = F847C52C16387AC300245B53 /* no_picture.png */; };
		F847C53116387AC300245B53 /* no_picture@2x.png in Resources */ = {isa = PBXBuildFile; fileRef = F847C52D16387AC300245B53 /* no_picture@2x.png */; };
		F8537DC916AFD98C003282DC /* NSURLConnection+Blocks.m in Sources */ = {isa = PBXBuildFile; fileRef = F8537DC716AFD98C003282DC /* NSURLConnection+Blocks.m */; settings = {COMPILER_FLAGS = "-fno-objc-arc"; }; };
		F88EA4741645808F00D25742 /* SYGalleryActionView.m in Sources */ = {isa = PBXBuildFile; fileRef = F88EA4731645808F00D25742 /* SYGalleryActionView.m */; };
		F8A9CE7716419C3B0097372D /* DACircularProgressView.m in Sources */ = {isa = PBXBuildFile; fileRef = F8A9CE5E16419C3B0097372D /* DACircularProgressView.m */; };
		F8B96E111638116600EC9487 /* UIKit.framework in Frameworks */ = {isa = PBXBuildFile; fileRef = F8B96E101638116600EC9487 /* UIKit.framework */; };
		F8B96E131638116600EC9487 /* Foundation.framework in Frameworks */ = {isa = PBXBuildFile; fileRef = F8B96E121638116600EC9487 /* Foundation.framework */; };
		F8B96E151638116600EC9487 /* CoreGraphics.framework in Frameworks */ = {isa = PBXBuildFile; fileRef = F8B96E141638116600EC9487 /* CoreGraphics.framework */; };
		F8B96E1B1638116600EC9487 /* InfoPlist.strings in Resources */ = {isa = PBXBuildFile; fileRef = F8B96E191638116600EC9487 /* InfoPlist.strings */; };
		F8B96E1D1638116600EC9487 /* main.m in Sources */ = {isa = PBXBuildFile; fileRef = F8B96E1C1638116600EC9487 /* main.m */; };
		F8B96E211638116600EC9487 /* SYAppDelegate.m in Sources */ = {isa = PBXBuildFile; fileRef = F8B96E201638116600EC9487 /* SYAppDelegate.m */; };
		F8B96E231638116600EC9487 /* Default.png in Resources */ = {isa = PBXBuildFile; fileRef = F8B96E221638116600EC9487 /* Default.png */; };
		F8B96E251638116600EC9487 /* Default@2x.png in Resources */ = {isa = PBXBuildFile; fileRef = F8B96E241638116600EC9487 /* Default@2x.png */; };
		F8B96E271638116600EC9487 /* Default-568h@2x.png in Resources */ = {isa = PBXBuildFile; fileRef = F8B96E261638116600EC9487 /* Default-568h@2x.png */; };
		F8B96E2A1638116600EC9487 /* MainStoryboard.storyboard in Resources */ = {isa = PBXBuildFile; fileRef = F8B96E281638116600EC9487 /* MainStoryboard.storyboard */; };
		F8B96E301638116600EC9487 /* SYViewControllerThumbs.m in Sources */ = {isa = PBXBuildFile; fileRef = F8B96E2F1638116600EC9487 /* SYViewControllerThumbs.m */; };
		F8B96E3D163813B100EC9487 /* SYGalleryThumbView.m in Sources */ = {isa = PBXBuildFile; fileRef = F8B96E3C163813B100EC9487 /* SYGalleryThumbView.m */; };
		F8CEF7C816553FDE0043828E /* MKNumberBadgeView.m in Sources */ = {isa = PBXBuildFile; fileRef = F8CEF7C716553FDE0043828E /* MKNumberBadgeView.m */; settings = {COMPILER_FLAGS = "-fno-objc-arc"; }; };
		F8F2ADEE16383C9000B96784 /* SYGalleryFullView.m in Sources */ = {isa = PBXBuildFile; fileRef = F8F2ADED16383C9000B96784 /* SYGalleryFullView.m */; };
		F8F2ADF116383EFF00B96784 /* SYGalleryThumbCell.m in Sources */ = {isa = PBXBuildFile; fileRef = F8F2ADF016383EFF00B96784 /* SYGalleryThumbCell.m */; };
		F8F2ADF216384D8800B96784 /* UIGestureRecognizer+GMGridViewAdditions.m in Sources */ = {isa = PBXBuildFile; fileRef = F8B96E55163817F800EC9487 /* UIGestureRecognizer+GMGridViewAdditions.m */; };
		F8F2ADF316384D8800B96784 /* UIView+GMGridViewAdditions.m in Sources */ = {isa = PBXBuildFile; fileRef = F8B96E57163817F800EC9487 /* UIView+GMGridViewAdditions.m */; };
		F8F2ADF416384D8800B96784 /* GMGridView.m in Sources */ = {isa = PBXBuildFile; fileRef = F8B96E4E163817F800EC9487 /* GMGridView.m */; };
		F8F2ADF516384D8800B96784 /* GMGridViewCell.m in Sources */ = {isa = PBXBuildFile; fileRef = F8B96E50163817F800EC9487 /* GMGridViewCell.m */; };
		F8F2ADF616384D8800B96784 /* GMGridViewLayoutStrategies.m in Sources */ = {isa = PBXBuildFile; fileRef = F8B96E53163817F800EC9487 /* GMGridViewLayoutStrategies.m */; };
		F8F2ADF816384D9E00B96784 /* QuartzCore.framework in Frameworks */ = {isa = PBXBuildFile; fileRef = F8F2ADF716384D9E00B96784 /* QuartzCore.framework */; };
/* End PBXBuildFile section */

/* Begin PBXFileReference section */
		F810E40F1668E2CC00089EB2 /* SYAppearance.h */ = {isa = PBXFileReference; fileEncoding = 4; lastKnownFileType = sourcecode.c.h; path = SYAppearance.h; sourceTree = "<group>"; };
		F810E4101668E2CC00089EB2 /* SYAppearance.m */ = {isa = PBXFileReference; fileEncoding = 4; lastKnownFileType = sourcecode.c.objc; path = SYAppearance.m; sourceTree = "<group>"; };
		F81891C3163AD28E00C8E806 /* 1.jpg */ = {isa = PBXFileReference; lastKnownFileType = image.jpeg; path = 1.jpg; sourceTree = "<group>"; };
		F81891C4163AD28E00C8E806 /* 1_s.jpg */ = {isa = PBXFileReference; lastKnownFileType = image.jpeg; path = 1_s.jpg; sourceTree = "<group>"; };
		F81891C5163AD28E00C8E806 /* 2.jpg */ = {isa = PBXFileReference; lastKnownFileType = image.jpeg; path = 2.jpg; sourceTree = "<group>"; };
		F81891C6163AD28E00C8E806 /* 2_s.jpg */ = {isa = PBXFileReference; lastKnownFileType = image.jpeg; path = 2_s.jpg; sourceTree = "<group>"; };
		F81891C7163AD28E00C8E806 /* 3.jpg */ = {isa = PBXFileReference; lastKnownFileType = image.jpeg; path = 3.jpg; sourceTree = "<group>"; };
		F81891C8163AD28E00C8E806 /* 3_s.jpg */ = {isa = PBXFileReference; lastKnownFileType = image.jpeg; path = 3_s.jpg; sourceTree = "<group>"; };
		F81891C9163AD28E00C8E806 /* 4.jpg */ = {isa = PBXFileReference; lastKnownFileType = image.jpeg; path = 4.jpg; sourceTree = "<group>"; };
		F81891CA163AD28E00C8E806 /* 4_s.jpg */ = {isa = PBXFileReference; lastKnownFileType = image.jpeg; path = 4_s.jpg; sourceTree = "<group>"; };
		F81891CB163AD28E00C8E806 /* 5.jpg */ = {isa = PBXFileReference; lastKnownFileType = image.jpeg; path = 5.jpg; sourceTree = "<group>"; };
		F81891CC163AD28E00C8E806 /* 5_s.jpg */ = {isa = PBXFileReference; lastKnownFileType = image.jpeg; path = 5_s.jpg; sourceTree = "<group>"; };
		F81891CD163AD28E00C8E806 /* 6.jpg */ = {isa = PBXFileReference; lastKnownFileType = image.jpeg; path = 6.jpg; sourceTree = "<group>"; };
		F81891CE163AD28E00C8E806 /* 6_s.jpg */ = {isa = PBXFileReference; lastKnownFileType = image.jpeg; path = 6_s.jpg; sourceTree = "<group>"; };
		F81891E4163ADA8000C8E806 /* SYGalleryFullPage.h */ = {isa = PBXFileReference; fileEncoding = 4; lastKnownFileType = sourcecode.c.h; path = SYGalleryFullPage.h; sourceTree = "<group>"; };
		F81891E5163ADA8000C8E806 /* SYGalleryFullPage.m */ = {isa = PBXFileReference; fileEncoding = 4; lastKnownFileType = sourcecode.c.objc; path = SYGalleryFullPage.m; sourceTree = "<group>"; };
		F81891E7163AF23700C8E806 /* SYViewControllerFull.h */ = {isa = PBXFileReference; fileEncoding = 4; lastKnownFileType = sourcecode.c.h; path = SYViewControllerFull.h; sourceTree = "<group>"; };
		F81891E8163AF23700C8E806 /* SYViewControllerFull.m */ = {isa = PBXFileReference; fileEncoding = 4; lastKnownFileType = sourcecode.c.objc; path = SYViewControllerFull.m; sourceTree = "<group>"; };
		F81891EA163AF33E00C8E806 /* SYDataSource.h */ = {isa = PBXFileReference; fileEncoding = 4; lastKnownFileType = sourcecode.c.h; path = SYDataSource.h; sourceTree = "<group>"; };
		F81891EB163AF33E00C8E806 /* SYDataSource.m */ = {isa = PBXFileReference; fileEncoding = 4; lastKnownFileType = sourcecode.c.objc; path = SYDataSource.m; sourceTree = "<group>"; };
		F847C52C16387AC300245B53 /* no_picture.png */ = {isa = PBXFileReference; lastKnownFileType = image.png; path = no_picture.png; sourceTree = "<group>"; };
		F847C52D16387AC300245B53 /* no_picture@2x.png */ = {isa = PBXFileReference; lastKnownFileType = image.png; path = "no_picture@2x.png"; sourceTree = "<group>"; };
		F847C52E16387AC300245B53 /* no_picture_org.pdf */ = {isa = PBXFileReference; lastKnownFileType = image.pdf; path = no_picture_org.pdf; sourceTree = "<group>"; };
		F847C52F16387AC300245B53 /* no_picture_org.png */ = {isa = PBXFileReference; lastKnownFileType = image.png; path = no_picture_org.png; sourceTree = "<group>"; };
		F8537DC616AFD98C003282DC /* NSURLConnection+Blocks.h */ = {isa = PBXFileReference; fileEncoding = 4; lastKnownFileType = sourcecode.c.h; path = "NSURLConnection+Blocks.h"; sourceTree = "<group>"; };
		F8537DC716AFD98C003282DC /* NSURLConnection+Blocks.m */ = {isa = PBXFileReference; fileEncoding = 4; lastKnownFileType = sourcecode.c.objc; path = "NSURLConnection+Blocks.m"; sourceTree = "<group>"; };
		F88EA4721645808F00D25742 /* SYGalleryActionView.h */ = {isa = PBXFileReference; fileEncoding = 4; lastKnownFileType = sourcecode.c.h; path = SYGalleryActionView.h; sourceTree = "<group>"; };
		F88EA4731645808F00D25742 /* SYGalleryActionView.m */ = {isa = PBXFileReference; fileEncoding = 4; lastKnownFileType = sourcecode.c.objc; path = SYGalleryActionView.m; sourceTree = "<group>"; };
		F8A9CE5D16419C3B0097372D /* DACircularProgressView.h */ = {isa = PBXFileReference; fileEncoding = 4; lastKnownFileType = sourcecode.c.h; path = DACircularProgressView.h; sourceTree = "<group>"; };
		F8A9CE5E16419C3B0097372D /* DACircularProgressView.m */ = {isa = PBXFileReference; fileEncoding = 4; lastKnownFileType = sourcecode.c.objc; path = DACircularProgressView.m; sourceTree = "<group>"; };
		F8B96E0C1638116600EC9487 /* SYGalleryExample.app */ = {isa = PBXFileReference; explicitFileType = wrapper.application; includeInIndex = 0; path = SYGalleryExample.app; sourceTree = BUILT_PRODUCTS_DIR; };
		F8B96E101638116600EC9487 /* UIKit.framework */ = {isa = PBXFileReference; lastKnownFileType = wrapper.framework; name = UIKit.framework; path = System/Library/Frameworks/UIKit.framework; sourceTree = SDKROOT; };
		F8B96E121638116600EC9487 /* Foundation.framework */ = {isa = PBXFileReference; lastKnownFileType = wrapper.framework; name = Foundation.framework; path = System/Library/Frameworks/Foundation.framework; sourceTree = SDKROOT; };
		F8B96E141638116600EC9487 /* CoreGraphics.framework */ = {isa = PBXFileReference; lastKnownFileType = wrapper.framework; name = CoreGraphics.framework; path = System/Library/Frameworks/CoreGraphics.framework; sourceTree = SDKROOT; };
		F8B96E181638116600EC9487 /* SYGalleryExample-Info.plist */ = {isa = PBXFileReference; lastKnownFileType = text.plist.xml; path = "SYGalleryExample-Info.plist"; sourceTree = "<group>"; };
		F8B96E1A1638116600EC9487 /* en */ = {isa = PBXFileReference; lastKnownFileType = text.plist.strings; name = en; path = en.lproj/InfoPlist.strings; sourceTree = "<group>"; };
		F8B96E1C1638116600EC9487 /* main.m */ = {isa = PBXFileReference; lastKnownFileType = sourcecode.c.objc; path = main.m; sourceTree = "<group>"; };
		F8B96E1E1638116600EC9487 /* SYGalleryExample-Prefix.pch */ = {isa = PBXFileReference; lastKnownFileType = sourcecode.c.h; path = "SYGalleryExample-Prefix.pch"; sourceTree = "<group>"; };
		F8B96E1F1638116600EC9487 /* SYAppDelegate.h */ = {isa = PBXFileReference; lastKnownFileType = sourcecode.c.h; path = SYAppDelegate.h; sourceTree = "<group>"; };
		F8B96E201638116600EC9487 /* SYAppDelegate.m */ = {isa = PBXFileReference; lastKnownFileType = sourcecode.c.objc; path = SYAppDelegate.m; sourceTree = "<group>"; };
		F8B96E221638116600EC9487 /* Default.png */ = {isa = PBXFileReference; lastKnownFileType = image.png; path = Default.png; sourceTree = "<group>"; };
		F8B96E241638116600EC9487 /* Default@2x.png */ = {isa = PBXFileReference; lastKnownFileType = image.png; path = "Default@2x.png"; sourceTree = "<group>"; };
		F8B96E261638116600EC9487 /* Default-568h@2x.png */ = {isa = PBXFileReference; lastKnownFileType = image.png; path = "Default-568h@2x.png"; sourceTree = "<group>"; };
		F8B96E291638116600EC9487 /* en */ = {isa = PBXFileReference; lastKnownFileType = file.storyboard; name = en; path = en.lproj/MainStoryboard.storyboard; sourceTree = "<group>"; };
		F8B96E2E1638116600EC9487 /* SYViewControllerThumbs.h */ = {isa = PBXFileReference; lastKnownFileType = sourcecode.c.h; path = SYViewControllerThumbs.h; sourceTree = "<group>"; };
		F8B96E2F1638116600EC9487 /* SYViewControllerThumbs.m */ = {isa = PBXFileReference; lastKnownFileType = sourcecode.c.objc; path = SYViewControllerThumbs.m; sourceTree = "<group>"; };
		F8B96E3B163813B100EC9487 /* SYGalleryThumbView.h */ = {isa = PBXFileReference; fileEncoding = 4; lastKnownFileType = sourcecode.c.h; path = SYGalleryThumbView.h; sourceTree = "<group>"; };
		F8B96E3C163813B100EC9487 /* SYGalleryThumbView.m */ = {isa = PBXFileReference; fileEncoding = 4; lastKnownFileType = sourcecode.c.objc; path = SYGalleryThumbView.m; sourceTree = "<group>"; };
		F8B96E4C163817F800EC9487 /* GMGridView-Constants.h */ = {isa = PBXFileReference; lastKnownFileType = sourcecode.c.h; name = "GMGridView-Constants.h"; path = "../Lib/GMGridView/GMGridView/GMGridView-Constants.h"; sourceTree = "<group>"; };
		F8B96E4D163817F800EC9487 /* GMGridView.h */ = {isa = PBXFileReference; lastKnownFileType = sourcecode.c.h; name = GMGridView.h; path = ../Lib/GMGridView/GMGridView/GMGridView.h; sourceTree = "<group>"; };
		F8B96E4E163817F800EC9487 /* GMGridView.m */ = {isa = PBXFileReference; lastKnownFileType = sourcecode.c.objc; name = GMGridView.m; path = ../Lib/GMGridView/GMGridView/GMGridView.m; sourceTree = "<group>"; };
		F8B96E4F163817F800EC9487 /* GMGridViewCell.h */ = {isa = PBXFileReference; lastKnownFileType = sourcecode.c.h; name = GMGridViewCell.h; path = ../Lib/GMGridView/GMGridView/GMGridViewCell.h; sourceTree = "<group>"; };
		F8B96E50163817F800EC9487 /* GMGridViewCell.m */ = {isa = PBXFileReference; lastKnownFileType = sourcecode.c.objc; name = GMGridViewCell.m; path = ../Lib/GMGridView/GMGridView/GMGridViewCell.m; sourceTree = "<group>"; };
		F8B96E51163817F800EC9487 /* GMGridViewCell+Extended.h */ = {isa = PBXFileReference; lastKnownFileType = sourcecode.c.h; name = "GMGridViewCell+Extended.h"; path = "../Lib/GMGridView/GMGridView/GMGridViewCell+Extended.h"; sourceTree = "<group>"; };
		F8B96E52163817F800EC9487 /* GMGridViewLayoutStrategies.h */ = {isa = PBXFileReference; lastKnownFileType = sourcecode.c.h; name = GMGridViewLayoutStrategies.h; path = ../Lib/GMGridView/GMGridView/GMGridViewLayoutStrategies.h; sourceTree = "<group>"; };
		F8B96E53163817F800EC9487 /* GMGridViewLayoutStrategies.m */ = {isa = PBXFileReference; lastKnownFileType = sourcecode.c.objc; name = GMGridViewLayoutStrategies.m; path = ../Lib/GMGridView/GMGridView/GMGridViewLayoutStrategies.m; sourceTree = "<group>"; };
		F8B96E54163817F800EC9487 /* UIGestureRecognizer+GMGridViewAdditions.h */ = {isa = PBXFileReference; lastKnownFileType = sourcecode.c.h; name = "UIGestureRecognizer+GMGridViewAdditions.h"; path = "../Lib/GMGridView/GMGridView/UIGestureRecognizer+GMGridViewAdditions.h"; sourceTree = "<group>"; };
		F8B96E55163817F800EC9487 /* UIGestureRecognizer+GMGridViewAdditions.m */ = {isa = PBXFileReference; lastKnownFileType = sourcecode.c.objc; name = "UIGestureRecognizer+GMGridViewAdditions.m"; path = "../Lib/GMGridView/GMGridView/UIGestureRecognizer+GMGridViewAdditions.m"; sourceTree = "<group>"; };
		F8B96E56163817F800EC9487 /* UIView+GMGridViewAdditions.h */ = {isa = PBXFileReference; lastKnownFileType = sourcecode.c.h; name = "UIView+GMGridViewAdditions.h"; path = "../Lib/GMGridView/GMGridView/UIView+GMGridViewAdditions.h"; sourceTree = "<group>"; };
		F8B96E57163817F800EC9487 /* UIView+GMGridViewAdditions.m */ = {isa = PBXFileReference; lastKnownFileType = sourcecode.c.objc; name = "UIView+GMGridViewAdditions.m"; path = "../Lib/GMGridView/GMGridView/UIView+GMGridViewAdditions.m"; sourceTree = "<group>"; };
		F8CEF7C616553FDE0043828E /* MKNumberBadgeView.h */ = {isa = PBXFileReference; fileEncoding = 4; lastKnownFileType = sourcecode.c.h; path = MKNumberBadgeView.h; sourceTree = "<group>"; };
		F8CEF7C716553FDE0043828E /* MKNumberBadgeView.m */ = {isa = PBXFileReference; fileEncoding = 4; lastKnownFileType = sourcecode.c.objc; path = MKNumberBadgeView.m; sourceTree = "<group>"; };
		F8F2ADEA16383BD200B96784 /* SYGalleryDelegates.h */ = {isa = PBXFileReference; lastKnownFileType = sourcecode.c.h; path = SYGalleryDelegates.h; sourceTree = "<group>"; };
		F8F2ADEC16383C9000B96784 /* SYGalleryFullView.h */ = {isa = PBXFileReference; fileEncoding = 4; lastKnownFileType = sourcecode.c.h; path = SYGalleryFullView.h; sourceTree = "<group>"; };
		F8F2ADED16383C9000B96784 /* SYGalleryFullView.m */ = {isa = PBXFileReference; fileEncoding = 4; lastKnownFileType = sourcecode.c.objc; path = SYGalleryFullView.m; sourceTree = "<group>"; };
		F8F2ADEF16383EFF00B96784 /* SYGalleryThumbCell.h */ = {isa = PBXFileReference; fileEncoding = 4; lastKnownFileType = sourcecode.c.h; path = SYGalleryThumbCell.h; sourceTree = "<group>"; };
		F8F2ADF016383EFF00B96784 /* SYGalleryThumbCell.m */ = {isa = PBXFileReference; fileEncoding = 4; lastKnownFileType = sourcecode.c.objc; path = SYGalleryThumbCell.m; sourceTree = "<group>"; };
		F8F2ADF716384D9E00B96784 /* QuartzCore.framework */ = {isa = PBXFileReference; lastKnownFileType = wrapper.framework; name = QuartzCore.framework; path = System/Library/Frameworks/QuartzCore.framework; sourceTree = SDKROOT; };
/* End PBXFileReference section */

/* Begin PBXFrameworksBuildPhase section */
		F8B96E091638116600EC9487 /* Frameworks */ = {
			isa = PBXFrameworksBuildPhase;
			buildActionMask = 2147483647;
			files = (
				F8F2ADF816384D9E00B96784 /* QuartzCore.framework in Frameworks */,
				F8B96E111638116600EC9487 /* UIKit.framework in Frameworks */,
				F8B96E131638116600EC9487 /* Foundation.framework in Frameworks */,
				F8B96E151638116600EC9487 /* CoreGraphics.framework in Frameworks */,
			);
			runOnlyForDeploymentPostprocessing = 0;
		};
/* End PBXFrameworksBuildPhase section */

/* Begin PBXGroup section */
		F81891C2163AD28E00C8E806 /* Images */ = {
			isa = PBXGroup;
			children = (
				F81891C3163AD28E00C8E806 /* 1.jpg */,
				F81891C4163AD28E00C8E806 /* 1_s.jpg */,
				F81891C5163AD28E00C8E806 /* 2.jpg */,
				F81891C6163AD28E00C8E806 /* 2_s.jpg */,
				F81891C7163AD28E00C8E806 /* 3.jpg */,
				F81891C8163AD28E00C8E806 /* 3_s.jpg */,
				F81891C9163AD28E00C8E806 /* 4.jpg */,
				F81891CA163AD28E00C8E806 /* 4_s.jpg */,
				F81891CB163AD28E00C8E806 /* 5.jpg */,
				F81891CC163AD28E00C8E806 /* 5_s.jpg */,
				F81891CD163AD28E00C8E806 /* 6.jpg */,
				F81891CE163AD28E00C8E806 /* 6_s.jpg */,
			);
			path = Images;
			sourceTree = "<group>";
		};
		F847C52B16387AC300245B53 /* Resources */ = {
			isa = PBXGroup;
			children = (
				F847C52C16387AC300245B53 /* no_picture.png */,
				F847C52D16387AC300245B53 /* no_picture@2x.png */,
				F847C52E16387AC300245B53 /* no_picture_org.pdf */,
				F847C52F16387AC300245B53 /* no_picture_org.png */,
			);
			path = Resources;
			sourceTree = "<group>";
		};
		F8537DC516AFD98C003282DC /* NSURLConnection-Blocks */ = {
			isa = PBXGroup;
			children = (
				F8537DC616AFD98C003282DC /* NSURLConnection+Blocks.h */,
				F8537DC716AFD98C003282DC /* NSURLConnection+Blocks.m */,
			);
			name = "NSURLConnection-Blocks";
			path = "../Lib/NSURLConnection-Blocks";
			sourceTree = "<group>";
		};
		F8A9CE5C16419C3B0097372D /* DACircularProgress */ = {
			isa = PBXGroup;
			children = (
				F8A9CE5D16419C3B0097372D /* DACircularProgressView.h */,
				F8A9CE5E16419C3B0097372D /* DACircularProgressView.m */,
			);
			name = DACircularProgress;
			path = ../Lib/DACircularProgres/DACircularProgress;
			sourceTree = "<group>";
		};
		F8B96E011638116600EC9487 = {
			isa = PBXGroup;
			children = (
				F8B96E161638116600EC9487 /* SYGalleryExample */,
				F8B96E3A163813B100EC9487 /* SYGallery */,
				F8B96E0F1638116600EC9487 /* Frameworks */,
				F8B96E0D1638116600EC9487 /* Products */,
			);
			sourceTree = "<group>";
		};
		F8B96E0D1638116600EC9487 /* Products */ = {
			isa = PBXGroup;
			children = (
				F8B96E0C1638116600EC9487 /* SYGalleryExample.app */,
			);
			name = Products;
			sourceTree = "<group>";
		};
		F8B96E0F1638116600EC9487 /* Frameworks */ = {
			isa = PBXGroup;
			children = (
				F8F2ADF716384D9E00B96784 /* QuartzCore.framework */,
				F8B96E101638116600EC9487 /* UIKit.framework */,
				F8B96E121638116600EC9487 /* Foundation.framework */,
				F8B96E141638116600EC9487 /* CoreGraphics.framework */,
			);
			name = Frameworks;
			sourceTree = "<group>";
		};
		F8B96E161638116600EC9487 /* SYGalleryExample */ = {
			isa = PBXGroup;
			children = (
				F8B96E1F1638116600EC9487 /* SYAppDelegate.h */,
				F8B96E201638116600EC9487 /* SYAppDelegate.m */,
				F8B96E2E1638116600EC9487 /* SYViewControllerThumbs.h */,
				F8B96E2F1638116600EC9487 /* SYViewControllerThumbs.m */,
				F81891E7163AF23700C8E806 /* SYViewControllerFull.h */,
				F81891E8163AF23700C8E806 /* SYViewControllerFull.m */,
				F8B96E281638116600EC9487 /* MainStoryboard.storyboard */,
				F8B96E171638116600EC9487 /* Supporting Files */,
				F81891C2163AD28E00C8E806 /* Images */,
				F81891EA163AF33E00C8E806 /* SYDataSource.h */,
				F81891EB163AF33E00C8E806 /* SYDataSource.m */,
				F810E40F1668E2CC00089EB2 /* SYAppearance.h */,
				F810E4101668E2CC00089EB2 /* SYAppearance.m */,
			);
			path = SYGalleryExample;
			sourceTree = "<group>";
		};
		F8B96E171638116600EC9487 /* Supporting Files */ = {
			isa = PBXGroup;
			children = (
				F8B96E181638116600EC9487 /* SYGalleryExample-Info.plist */,
				F8B96E191638116600EC9487 /* InfoPlist.strings */,
				F8B96E1C1638116600EC9487 /* main.m */,
				F8B96E1E1638116600EC9487 /* SYGalleryExample-Prefix.pch */,
				F8B96E221638116600EC9487 /* Default.png */,
				F8B96E241638116600EC9487 /* Default@2x.png */,
				F8B96E261638116600EC9487 /* Default-568h@2x.png */,
			);
			name = "Supporting Files";
			sourceTree = "<group>";
		};
		F8B96E3A163813B100EC9487 /* SYGallery */ = {
			isa = PBXGroup;
			children = (
				F8B96E47163815F000EC9487 /* Libs */,
				F847C52B16387AC300245B53 /* Resources */,
				F8F2ADEA16383BD200B96784 /* SYGalleryDelegates.h */,
				F8F2ADEC16383C9000B96784 /* SYGalleryFullView.h */,
				F8F2ADED16383C9000B96784 /* SYGalleryFullView.m */,
				F81891E4163ADA8000C8E806 /* SYGalleryFullPage.h */,
				F81891E5163ADA8000C8E806 /* SYGalleryFullPage.m */,
				F8B96E3B163813B100EC9487 /* SYGalleryThumbView.h */,
				F8B96E3C163813B100EC9487 /* SYGalleryThumbView.m */,
				F8F2ADEF16383EFF00B96784 /* SYGalleryThumbCell.h */,
				F8F2ADF016383EFF00B96784 /* SYGalleryThumbCell.m */,
				F88EA4721645808F00D25742 /* SYGalleryActionView.h */,
				F88EA4731645808F00D25742 /* SYGalleryActionView.m */,
			);
			name = SYGallery;
			path = ../SYGallery;
			sourceTree = "<group>";
		};
		F8B96E47163815F000EC9487 /* Libs */ = {
			isa = PBXGroup;
			children = (
				F8537DC516AFD98C003282DC /* NSURLConnection-Blocks */,
				F8CEF7C516553FDE0043828E /* MKNumberBadgeView */,
				F8A9CE5C16419C3B0097372D /* DACircularProgress */,
				F8B96E4B163817DA00EC9487 /* GMGridView */,
			);
			name = Libs;
			sourceTree = SOURCE_ROOT;
		};
		F8B96E4B163817DA00EC9487 /* GMGridView */ = {
			isa = PBXGroup;
			children = (
				F8B96E58163817FC00EC9487 /* Additions */,
				F8B96E4C163817F800EC9487 /* GMGridView-Constants.h */,
				F8B96E4D163817F800EC9487 /* GMGridView.h */,
				F8B96E4E163817F800EC9487 /* GMGridView.m */,
				F8B96E4F163817F800EC9487 /* GMGridViewCell.h */,
				F8B96E50163817F800EC9487 /* GMGridViewCell.m */,
				F8B96E51163817F800EC9487 /* GMGridViewCell+Extended.h */,
				F8B96E52163817F800EC9487 /* GMGridViewLayoutStrategies.h */,
				F8B96E53163817F800EC9487 /* GMGridViewLayoutStrategies.m */,
			);
			name = GMGridView;
			sourceTree = "<group>";
		};
		F8B96E58163817FC00EC9487 /* Additions */ = {
			isa = PBXGroup;
			children = (
				F8B96E54163817F800EC9487 /* UIGestureRecognizer+GMGridViewAdditions.h */,
				F8B96E55163817F800EC9487 /* UIGestureRecognizer+GMGridViewAdditions.m */,
				F8B96E56163817F800EC9487 /* UIView+GMGridViewAdditions.h */,
				F8B96E57163817F800EC9487 /* UIView+GMGridViewAdditions.m */,
			);
			name = Additions;
			sourceTree = "<group>";
		};
		F8CEF7C516553FDE0043828E /* MKNumberBadgeView */ = {
			isa = PBXGroup;
			children = (
				F8CEF7C616553FDE0043828E /* MKNumberBadgeView.h */,
				F8CEF7C716553FDE0043828E /* MKNumberBadgeView.m */,
			);
			name = MKNumberBadgeView;
			path = ../Lib/iPhoneMK/Views/MKNumberBadgeView;
			sourceTree = "<group>";
		};
/* End PBXGroup section */

/* Begin PBXNativeTarget section */
		F8B96E0B1638116600EC9487 /* SYGalleryExample */ = {
			isa = PBXNativeTarget;
			buildConfigurationList = F8B96E331638116600EC9487 /* Build configuration list for PBXNativeTarget "SYGalleryExample" */;
			buildPhases = (
				F8B96E081638116600EC9487 /* Sources */,
				F8B96E091638116600EC9487 /* Frameworks */,
				F8B96E0A1638116600EC9487 /* Resources */,
			);
			buildRules = (
			);
			dependencies = (
			);
			name = SYGalleryExample;
			productName = SYGalleryExample;
			productReference = F8B96E0C1638116600EC9487 /* SYGalleryExample.app */;
			productType = "com.apple.product-type.application";
		};
/* End PBXNativeTarget section */

/* Begin PBXProject section */
		F8B96E031638116600EC9487 /* Project object */ = {
			isa = PBXProject;
			attributes = {
				CLASSPREFIX = SY;
				LastUpgradeCheck = 0450;
				ORGANIZATIONNAME = Syan;
			};
			buildConfigurationList = F8B96E061638116600EC9487 /* Build configuration list for PBXProject "SYGalleryExample" */;
			compatibilityVersion = "Xcode 3.2";
			developmentRegion = English;
			hasScannedForEncodings = 0;
			knownRegions = (
				en,
			);
			mainGroup = F8B96E011638116600EC9487;
			productRefGroup = F8B96E0D1638116600EC9487 /* Products */;
			projectDirPath = "";
			projectRoot = "";
			targets = (
				F8B96E0B1638116600EC9487 /* SYGalleryExample */,
			);
		};
/* End PBXProject section */

/* Begin PBXResourcesBuildPhase section */
		F8B96E0A1638116600EC9487 /* Resources */ = {
			isa = PBXResourcesBuildPhase;
			buildActionMask = 2147483647;
			files = (
				F8B96E1B1638116600EC9487 /* InfoPlist.strings in Resources */,
				F8B96E231638116600EC9487 /* Default.png in Resources */,
				F8B96E251638116600EC9487 /* Default@2x.png in Resources */,
				F8B96E271638116600EC9487 /* Default-568h@2x.png in Resources */,
				F8B96E2A1638116600EC9487 /* MainStoryboard.storyboard in Resources */,
				F847C53016387AC300245B53 /* no_picture.png in Resources */,
				F847C53116387AC300245B53 /* no_picture@2x.png in Resources */,
				F81891CF163AD28E00C8E806 /* 1.jpg in Resources */,
				F81891D0163AD28E00C8E806 /* 1_s.jpg in Resources */,
				F81891D1163AD28E00C8E806 /* 2.jpg in Resources */,
				F81891D2163AD28E00C8E806 /* 2_s.jpg in Resources */,
				F81891D3163AD28E00C8E806 /* 3.jpg in Resources */,
				F81891D4163AD28E00C8E806 /* 3_s.jpg in Resources */,
				F81891D5163AD28E00C8E806 /* 4.jpg in Resources */,
				F81891D6163AD28E00C8E806 /* 4_s.jpg in Resources */,
				F81891D7163AD28E00C8E806 /* 5.jpg in Resources */,
				F81891D8163AD28E00C8E806 /* 5_s.jpg in Resources */,
				F81891D9163AD28E00C8E806 /* 6.jpg in Resources */,
				F81891DA163AD28E00C8E806 /* 6_s.jpg in Resources */,
			);
			runOnlyForDeploymentPostprocessing = 0;
		};
/* End PBXResourcesBuildPhase section */

/* Begin PBXSourcesBuildPhase section */
		F8B96E081638116600EC9487 /* Sources */ = {
			isa = PBXSourcesBuildPhase;
			buildActionMask = 2147483647;
			files = (
				F8F2ADF216384D8800B96784 /* UIGestureRecognizer+GMGridViewAdditions.m in Sources */,
				F8F2ADF316384D8800B96784 /* UIView+GMGridViewAdditions.m in Sources */,
				F8F2ADF416384D8800B96784 /* GMGridView.m in Sources */,
				F8F2ADF516384D8800B96784 /* GMGridViewCell.m in Sources */,
				F8F2ADF616384D8800B96784 /* GMGridViewLayoutStrategies.m in Sources */,
				F8B96E1D1638116600EC9487 /* main.m in Sources */,
				F8B96E211638116600EC9487 /* SYAppDelegate.m in Sources */,
				F8B96E301638116600EC9487 /* SYViewControllerThumbs.m in Sources */,
				F8B96E3D163813B100EC9487 /* SYGalleryThumbView.m in Sources */,
				F8F2ADEE16383C9000B96784 /* SYGalleryFullView.m in Sources */,
				F8F2ADF116383EFF00B96784 /* SYGalleryThumbCell.m in Sources */,
				F81891E6163ADA8000C8E806 /* SYGalleryFullPage.m in Sources */,
				F81891E9163AF23700C8E806 /* SYViewControllerFull.m in Sources */,
				F81891EC163AF33E00C8E806 /* SYDataSource.m in Sources */,
				F8A9CE7716419C3B0097372D /* DACircularProgressView.m in Sources */,
				F88EA4741645808F00D25742 /* SYGalleryActionView.m in Sources */,
				F8CEF7C816553FDE0043828E /* MKNumberBadgeView.m in Sources */,
				F810E4111668E2CC00089EB2 /* SYAppearance.m in Sources */,
				F8537DC916AFD98C003282DC /* NSURLConnection+Blocks.m in Sources */,
			);
			runOnlyForDeploymentPostprocessing = 0;
		};
/* End PBXSourcesBuildPhase section */

/* Begin PBXVariantGroup section */
		F8B96E191638116600EC9487 /* InfoPlist.strings */ = {
			isa = PBXVariantGroup;
			children = (
				F8B96E1A1638116600EC9487 /* en */,
			);
			name = InfoPlist.strings;
			sourceTree = "<group>";
		};
		F8B96E281638116600EC9487 /* MainStoryboard.storyboard */ = {
			isa = PBXVariantGroup;
			children = (
				F8B96E291638116600EC9487 /* en */,
			);
			name = MainStoryboard.storyboard;
			sourceTree = "<group>";
		};
/* End PBXVariantGroup section */

/* Begin XCBuildConfiguration section */
		F8B96E311638116600EC9487 /* Debug */ = {
			isa = XCBuildConfiguration;
			buildSettings = {
				ALWAYS_SEARCH_USER_PATHS = NO;
				CLANG_CXX_LANGUAGE_STANDARD = "gnu++0x";
				CLANG_CXX_LIBRARY = "libc++";
				CLANG_ENABLE_OBJC_ARC = YES;
				CLANG_WARN_EMPTY_BODY = YES;
				CLANG_WARN__DUPLICATE_METHOD_MATCH = YES;
				"CODE_SIGN_IDENTITY[sdk=iphoneos*]" = "iPhone Developer";
				COPY_PHASE_STRIP = NO;
				GCC_C_LANGUAGE_STANDARD = gnu99;
				GCC_DYNAMIC_NO_PIC = NO;
				GCC_OPTIMIZATION_LEVEL = 0;
				GCC_PREPROCESSOR_DEFINITIONS = (
					"DEBUG=1",
					"$(inherited)",
				);
				GCC_SYMBOLS_PRIVATE_EXTERN = NO;
				GCC_WARN_ABOUT_RETURN_TYPE = YES;
				GCC_WARN_UNINITIALIZED_AUTOS = YES;
				GCC_WARN_UNUSED_VARIABLE = YES;
				IPHONEOS_DEPLOYMENT_TARGET = 5.0;
				ONLY_ACTIVE_ARCH = YES;
				SDKROOT = iphoneos;
				TARGETED_DEVICE_FAMILY = "1,2";
			};
			name = Debug;
		};
		F8B96E321638116600EC9487 /* Release */ = {
			isa = XCBuildConfiguration;
			buildSettings = {
				ALWAYS_SEARCH_USER_PATHS = NO;
				CLANG_CXX_LANGUAGE_STANDARD = "gnu++0x";
				CLANG_CXX_LIBRARY = "libc++";
				CLANG_ENABLE_OBJC_ARC = YES;
				CLANG_WARN_EMPTY_BODY = YES;
				CLANG_WARN__DUPLICATE_METHOD_MATCH = YES;
				"CODE_SIGN_IDENTITY[sdk=iphoneos*]" = "iPhone Developer";
				COPY_PHASE_STRIP = YES;
				GCC_C_LANGUAGE_STANDARD = gnu99;
				GCC_WARN_ABOUT_RETURN_TYPE = YES;
				GCC_WARN_UNINITIALIZED_AUTOS = YES;
				GCC_WARN_UNUSED_VARIABLE = YES;
				IPHONEOS_DEPLOYMENT_TARGET = 5.0;
				OTHER_CFLAGS = "-DNS_BLOCK_ASSERTIONS=1";
				SDKROOT = iphoneos;
				TARGETED_DEVICE_FAMILY = "1,2";
				VALIDATE_PRODUCT = YES;
			};
			name = Release;
		};
		F8B96E341638116600EC9487 /* Debug */ = {
			isa = XCBuildConfiguration;
			buildSettings = {
				CLANG_WARN_IMPLICIT_SIGN_CONVERSION = YES;
				CLANG_WARN_SUSPICIOUS_IMPLICIT_CONVERSION = YES;
				GCC_PRECOMPILE_PREFIX_HEADER = YES;
				GCC_PREFIX_HEADER = "SYGalleryExample/SYGalleryExample-Prefix.pch";
				GCC_TREAT_INCOMPATIBLE_POINTER_TYPE_WARNINGS_AS_ERRORS = YES;
				GCC_WARN_64_TO_32_BIT_CONVERSION = YES;
				GCC_WARN_ABOUT_MISSING_NEWLINE = YES;
				GCC_WARN_ABOUT_MISSING_PROTOTYPES = YES;
				GCC_WARN_SHADOW = YES;
				GCC_WARN_SIGN_COMPARE = YES;
				HEADER_SEARCH_PATHS = "";
				INFOPLIST_FILE = "SYGalleryExample/SYGalleryExample-Info.plist";
				PRODUCT_NAME = "$(TARGET_NAME)";
				WRAPPER_EXTENSION = app;
			};
			name = Debug;
		};
		F8B96E351638116600EC9487 /* Release */ = {
			isa = XCBuildConfiguration;
			buildSettings = {
				CLANG_WARN_IMPLICIT_SIGN_CONVERSION = YES;
				CLANG_WARN_SUSPICIOUS_IMPLICIT_CONVERSION = YES;
				GCC_PRECOMPILE_PREFIX_HEADER = YES;
				GCC_PREFIX_HEADER = "SYGalleryExample/SYGalleryExample-Prefix.pch";
				GCC_TREAT_INCOMPATIBLE_POINTER_TYPE_WARNINGS_AS_ERRORS = YES;
				GCC_WARN_64_TO_32_BIT_CONVERSION = YES;
				GCC_WARN_ABOUT_MISSING_NEWLINE = YES;
				GCC_WARN_ABOUT_MISSING_PROTOTYPES = YES;
				GCC_WARN_SHADOW = YES;
				GCC_WARN_SIGN_COMPARE = YES;
				HEADER_SEARCH_PATHS = "";
				INFOPLIST_FILE = "SYGalleryExample/SYGalleryExample-Info.plist";
				PRODUCT_NAME = "$(TARGET_NAME)";
				WRAPPER_EXTENSION = app;
			};
			name = Release;
		};
/* End XCBuildConfiguration section */

/* Begin XCConfigurationList section */
		F8B96E061638116600EC9487 /* Build configuration list for PBXProject "SYGalleryExample" */ = {
			isa = XCConfigurationList;
			buildConfigurations = (
				F8B96E311638116600EC9487 /* Debug */,
				F8B96E321638116600EC9487 /* Release */,
			);
			defaultConfigurationIsVisible = 0;
			defaultConfigurationName = Release;
		};
		F8B96E331638116600EC9487 /* Build configuration list for PBXNativeTarget "SYGalleryExample" */ = {
			isa = XCConfigurationList;
			buildConfigurations = (
				F8B96E341638116600EC9487 /* Debug */,
				F8B96E351638116600EC9487 /* Release */,
			);
			defaultConfigurationIsVisible = 0;
			defaultConfigurationName = Release;
		};
/* End XCConfigurationList section */
	};
	rootObject = F8B96E031638116600EC9487 /* Project object */;
}
